{
  "name": "@goori-soft/statable",
  "version": "0.0.1",
  "lockfileVersion": 1,
  "requires": true,
  "dependencies": {
    "@goori-soft/observable": {
      "version": "1.0.1",
      "resolved": "https://registry.npmjs.org/@goori-soft/observable/-/observable-1.0.1.tgz",
      "integrity": "sha512-j04J9Ixh7n3jFINdNLkqIONlQbFi2zJnN7Vb0TFcUzfCFCsPex6gS0HB4ni/EepxX9/9E7Am8OuYqzLOtfSSdA=="
    }
  }
}
