{
  "name": "@goori-soft/statable",
  "version": "1.0.1",
  "lockfileVersion": 1,
  "requires": true,
  "dependencies": {
    "@goori-soft/observable": {
      "version": "1.0.2",
      "resolved": "https://registry.npmjs.org/@goori-soft/observable/-/observable-1.0.2.tgz",
      "integrity": "sha512-WIOa8+3fON02ACKBldBShPB5OybPaM9NCvHa3M96H446srxr+WVG6V9RXX20YQfGQv0upnBrIFLj+g83EGN3RQ=="
    }
  }
}
